# THIS IS AN AUTOGENERATED FILE. DO NOT EDIT THIS FILE DIRECTLY.
# yarn lockfile v1


"@babel/runtime@^7.21.0":
  version "7.22.15"
  resolved "https://registry.yarnpkg.com/@babel/runtime/-/runtime-7.22.15.tgz#38f46494ccf6cf020bd4eed7124b425e83e523b8"
  integrity sha512-T0O+aa+4w0u06iNmapipJXMV4HoUir03hpx3/YqXXhu9xim3w+dVphjFWl1OH8NbZHw5Lbm9k45drDkgq2VNNA==
  dependencies:
    regenerator-runtime "^0.14.0"

"@sindresorhus/is@^3.1.2":
  version "3.1.2"
  resolved "https://registry.yarnpkg.com/@sindresorhus/is/-/is-3.1.2.tgz#548650de521b344e3781fbdb0ece4aa6f729afb8"
  integrity sha512-JiX9vxoKMmu8Y3Zr2RVathBL1Cdu4Nt4MuNWemt1Nc06A0RAin9c5FArkhGsyMBWfCu4zj+9b+GxtjAnE4qqLQ==

char-regex@^1.0.2:
  version "1.0.2"
  resolved "https://registry.yarnpkg.com/char-regex/-/char-regex-1.0.2.tgz#d744358226217f981ed58f479b1d6bcc29545dcf"
  integrity sha512-kWWXztvZ5SBQV+eRgKFeh8q5sLuZY2+8WUIzlxWVTg+oGwY14qylx1KbKzHd8P6ZYkAg0xyIDU9JMHhyJMZ1jw==

date-fns@^2.30.0:
  version "2.30.0"
  resolved "https://registry.yarnpkg.com/date-fns/-/date-fns-2.30.0.tgz#f367e644839ff57894ec6ac480de40cae4b0f4d0"
  integrity sha512-fnULvOpxnC5/Vg3NCiWelDsLiUc9bRwAPs/+LfTLNvetFCtCTN+yQz15C/fs4AwX1R9K5GLtLfn8QW+dWisaAw==
  dependencies:
    "@babel/runtime" "^7.21.0"

emojilib@^2.4.0:
  version "2.4.0"
  resolved "https://registry.yarnpkg.com/emojilib/-/emojilib-2.4.0.tgz#ac518a8bb0d5f76dda57289ccb2fdf9d39ae721e"
  integrity sha512-5U0rVMU5Y2n2+ykNLQqMoqklN9ICBT/KsvC1Gz6vqHbz2AXXGkG+Pm5rMWk/8Vjrr/mY9985Hi8DYzn1F09Nyw==

moment@^2.29.4:
  version "2.29.4"
  resolved "https://registry.yarnpkg.com/moment/-/moment-2.29.4.tgz#3dbe052889fe7c1b2ed966fcb3a77328964ef108"
  integrity sha512-5LC9SOxjSc2HF6vO2CyuTDNivEdoz2IvyJJGj6X8DJ0eFyfszE0QiEd+iXmBvUP3WHxSjFH/vIsA0EN00cgr8w==

node-emoji@^2.1.0:
  version "2.1.0"
  resolved "https://registry.yarnpkg.com/node-emoji/-/node-emoji-2.1.0.tgz#93c99b0d3dfe7d5e37c056aded389e013c72d0c5"
  integrity sha512-tcsBm9C6FmPN5Wo7OjFi9lgMyJjvkAeirmjR/ax8Ttfqy4N8PoFic26uqFTIgayHPNI5FH4ltUvfh9kHzwcK9A==
  dependencies:
    "@sindresorhus/is" "^3.1.2"
    char-regex "^1.0.2"
    emojilib "^2.4.0"
    skin-tone "^2.0.0"

regenerator-runtime@^0.14.0:
  version "0.14.0"
  resolved "https://registry.yarnpkg.com/regenerator-runtime/-/regenerator-runtime-0.14.0.tgz#5e19d68eb12d486f797e15a3c6a918f7cec5eb45"
  integrity sha512-srw17NI0TUWHuGa5CFGGmhfNIeja30WMBfbslPNhf6JrqQlLN5gcrvig1oqPxiVaXb0oW0XRKtH6Nngs5lKCIA==

skin-tone@^2.0.0:
  version "2.0.0"
  resolved "https://registry.yarnpkg.com/skin-tone/-/skin-tone-2.0.0.tgz#4e3933ab45c0d4f4f781745d64b9f4c208e41237"
  integrity sha512-kUMbT1oBJCpgrnKoSr0o6wPtvRWT9W9UKvGLwfJYO2WuahZRHOpEyL1ckyMGgMWh0UdpmaoFqKKD29WTomNEGA==
  dependencies:
    unicode-emoji-modifier-base "^1.0.0"

unicode-emoji-modifier-base@^1.0.0:
  version "1.0.0"
  resolved "https://registry.yarnpkg.com/unicode-emoji-modifier-base/-/unicode-emoji-modifier-base-1.0.0.tgz#dbbd5b54ba30f287e2a8d5a249da6c0cef369459"
  integrity sha512-yLSH4py7oFH3oG/9K+XWrz1pSi3dfUrWEnInbxMfArOfc1+33BlGPQtLsOYwvdMy11AwUBetYuaRxSPqgkq+8g==
